
Microsoft Visual Studio Solution File, Format Version 12.00
# Visual Studio Version 17
VisualStudioVersion = 17.3.32901.215
MinimumVisualStudioVersion = 10.0.40219.1
Project("{9A19103F-16F7-4668-BE54-9A1E7A4F7556}") = "ErogeDiary", "ErogeDiary\ErogeDiary.csproj", "{229D192A-5691-44CB-B784-CB72EBEA9B5F}"
EndProject
Project("{9A19103F-16F7-4668-BE54-9A1E7A4F7556}") = "ErogeDiary.Controls", "ErogeDiary.Controls\ErogeDiary.Controls.csproj", "{DD94729A-5FFD-4B8D-9EF3-B092C3F34FE4}"
EndProject
Project("{FAE04EC0-301F-11D3-BF4B-00C04F79EFBC}") = "ErogeDiary.ErogameScape", "ErogeDiary.ErogameScape\ErogeDiary.ErogameScape.csproj", "{F4F6837C-B9E0-4A22-BCCD-ED11A0E2BAE2}"
EndProject
Global
	GlobalSection(SolutionConfigurationPlatforms) = preSolution
		Debug|Any CPU = Debug|Any CPU
		Release|Any CPU = Release|Any CPU
	EndGlobalSection
	GlobalSection(ProjectConfigurationPlatforms) = postSolution
		{229D192A-5691-44CB-B784-CB72EBEA9B5F}.Debug|Any CPU.ActiveCfg = Debug|Any CPU
		{229D192A-5691-44CB-B784-CB72EBEA9B5F}.Debug|Any CPU.Build.0 = Debug|Any CPU
		{229D192A-5691-44CB-B784-CB72EBEA9B5F}.Release|Any CPU.ActiveCfg = Release|Any CPU
		{229D192A-5691-44CB-B784-CB72EBEA9B5F}.Release|Any CPU.Build.0 = Release|Any CPU
		{DD94729A-5FFD-4B8D-9EF3-B092C3F34FE4}.Debug|Any CPU.ActiveCfg = Debug|Any CPU
		{DD94729A-5FFD-4B8D-9EF3-B092C3F34FE4}.Debug|Any CPU.Build.0 = Debug|Any CPU
		{DD94729A-5FFD-4B8D-9EF3-B092C3F34FE4}.Release|Any CPU.ActiveCfg = Release|Any CPU
		{DD94729A-5FFD-4B8D-9EF3-B092C3F34FE4}.Release|Any CPU.Build.0 = Release|Any CPU
		{F4F6837C-B9E0-4A22-BCCD-ED11A0E2BAE2}.Debug|Any CPU.ActiveCfg = Debug|Any CPU
		{F4F6837C-B9E0-4A22-BCCD-ED11A0E2BAE2}.Debug|Any CPU.Build.0 = Debug|Any CPU
		{F4F6837C-B9E0-4A22-BCCD-ED11A0E2BAE2}.Release|Any CPU.ActiveCfg = Release|Any CPU
		{F4F6837C-B9E0-4A22-BCCD-ED11A0E2BAE2}.Release|Any CPU.Build.0 = Release|Any CPU
	EndGlobalSection
	GlobalSection(SolutionProperties) = preSolution
		HideSolutionNode = FALSE
	EndGlobalSection
	GlobalSection(ExtensibilityGlobals) = postSolution
		SolutionGuid = {C94003A4-0450-442F-A31B-72D1799611BC}
	EndGlobalSection
EndGlobal
